
Microsoft Visual Studio Solution File, Format Version 12.00
# Visual Studio Version 17
VisualStudioVersion = 17.4.33122.133
MinimumVisualStudioVersion = 10.0.40219.1
Project("{FAE04EC0-301F-11D3-BF4B-00C04F79EFBC}") = "Sudoku", "Sudoku.csproj", "{D2657026-1072-4F9B-B73F-8351DCA782C4}"
EndProject
Global
	GlobalSection(SolutionConfigurationPlatforms) = preSolution
		Debug|Any CPU = Debug|Any CPU
		Release|Any CPU = Release|Any CPU
	EndGlobalSection
	GlobalSection(ProjectConfigurationPlatforms) = postSolution
		{D2657026-1072-4F9B-B73F-8351DCA782C4}.Debug|Any CPU.ActiveCfg = Debug|Any CPU
		{D2657026-1072-4F9B-B73F-8351DCA782C4}.Debug|Any CPU.Build.0 = Debug|Any CPU
		{D2657026-1072-4F9B-B73F-8351DCA782C4}.Release|Any CPU.ActiveCfg = Release|Any CPU
		{D2657026-1072-4F9B-B73F-8351DCA782C4}.Release|Any CPU.Build.0 = Release|Any CPU
	EndGlobalSection
	GlobalSection(SolutionProperties) = preSolution
		HideSolutionNode = FALSE
	EndGlobalSection
	GlobalSection(ExtensibilityGlobals) = postSolution
		SolutionGuid = {630D7356-FC82-42FE-A487-60DA8D69F269}
	EndGlobalSection
EndGlobal
